
Microsoft Visual Studio Solution File, Format Version 12.00
# Visual Studio 15
VisualStudioVersion = 15.0.26124.0
MinimumVisualStudioVersion = 15.0.26124.0
Project("{FAE04EC0-301F-11D3-BF4B-00C04F79EFBC}") = "OpenIddicPractice.Server", "Server\OpenIddicPractice.Server.csproj", "{2683A9CD-0FA9-40A3-AA4C-C7B8D0AE0DD6}"
EndProject
Project("{FAE04EC0-301F-11D3-BF4B-00C04F79EFBC}") = "Client.ServerWorker", "Client.ServerWorker\OpenIddicPractice.Client.ServerWorker.csproj", "{F4FDDFED-0E68-4050-BD43-60E8B368BEEB}"
EndProject
Project("{FAE04EC0-301F-11D3-BF4B-00C04F79EFBC}") = "OpenIddictPractice.ResourceAPI", "OpenIddictPractice.ResourceAPI\OpenIddictPractice.ResourceAPI.csproj", "{2B47C413-B193-4AE7-BD3F-B6AE8556E4C8}"
EndProject
Global
	GlobalSection(SolutionConfigurationPlatforms) = preSolution
		Debug|Any CPU = Debug|Any CPU
		Debug|x64 = Debug|x64
		Debug|x86 = Debug|x86
		Release|Any CPU = Release|Any CPU
		Release|x64 = Release|x64
		Release|x86 = Release|x86
	EndGlobalSection
	GlobalSection(SolutionProperties) = preSolution
		HideSolutionNode = FALSE
	EndGlobalSection
	GlobalSection(ProjectConfigurationPlatforms) = postSolution
		{2683A9CD-0FA9-40A3-AA4C-C7B8D0AE0DD6}.Debug|Any CPU.ActiveCfg = Debug|Any CPU
		{2683A9CD-0FA9-40A3-AA4C-C7B8D0AE0DD6}.Debug|Any CPU.Build.0 = Debug|Any CPU
		{2683A9CD-0FA9-40A3-AA4C-C7B8D0AE0DD6}.Debug|x64.ActiveCfg = Debug|Any CPU
		{2683A9CD-0FA9-40A3-AA4C-C7B8D0AE0DD6}.Debug|x64.Build.0 = Debug|Any CPU
		{2683A9CD-0FA9-40A3-AA4C-C7B8D0AE0DD6}.Debug|x86.ActiveCfg = Debug|Any CPU
		{2683A9CD-0FA9-40A3-AA4C-C7B8D0AE0DD6}.Debug|x86.Build.0 = Debug|Any CPU
		{2683A9CD-0FA9-40A3-AA4C-C7B8D0AE0DD6}.Release|Any CPU.ActiveCfg = Release|Any CPU
		{2683A9CD-0FA9-40A3-AA4C-C7B8D0AE0DD6}.Release|Any CPU.Build.0 = Release|Any CPU
		{2683A9CD-0FA9-40A3-AA4C-C7B8D0AE0DD6}.Release|x64.ActiveCfg = Release|Any CPU
		{2683A9CD-0FA9-40A3-AA4C-C7B8D0AE0DD6}.Release|x64.Build.0 = Release|Any CPU
		{2683A9CD-0FA9-40A3-AA4C-C7B8D0AE0DD6}.Release|x86.ActiveCfg = Release|Any CPU
		{2683A9CD-0FA9-40A3-AA4C-C7B8D0AE0DD6}.Release|x86.Build.0 = Release|Any CPU
		{F4FDDFED-0E68-4050-BD43-60E8B368BEEB}.Debug|Any CPU.ActiveCfg = Debug|Any CPU
		{F4FDDFED-0E68-4050-BD43-60E8B368BEEB}.Debug|Any CPU.Build.0 = Debug|Any CPU
		{F4FDDFED-0E68-4050-BD43-60E8B368BEEB}.Debug|x64.ActiveCfg = Debug|Any CPU
		{F4FDDFED-0E68-4050-BD43-60E8B368BEEB}.Debug|x64.Build.0 = Debug|Any CPU
		{F4FDDFED-0E68-4050-BD43-60E8B368BEEB}.Debug|x86.ActiveCfg = Debug|Any CPU
		{F4FDDFED-0E68-4050-BD43-60E8B368BEEB}.Debug|x86.Build.0 = Debug|Any CPU
		{F4FDDFED-0E68-4050-BD43-60E8B368BEEB}.Release|Any CPU.ActiveCfg = Release|Any CPU
		{F4FDDFED-0E68-4050-BD43-60E8B368BEEB}.Release|Any CPU.Build.0 = Release|Any CPU
		{F4FDDFED-0E68-4050-BD43-60E8B368BEEB}.Release|x64.ActiveCfg = Release|Any CPU
		{F4FDDFED-0E68-4050-BD43-60E8B368BEEB}.Release|x64.Build.0 = Release|Any CPU
		{F4FDDFED-0E68-4050-BD43-60E8B368BEEB}.Release|x86.ActiveCfg = Release|Any CPU
		{F4FDDFED-0E68-4050-BD43-60E8B368BEEB}.Release|x86.Build.0 = Release|Any CPU
		{2B47C413-B193-4AE7-BD3F-B6AE8556E4C8}.Debug|Any CPU.ActiveCfg = Debug|Any CPU
		{2B47C413-B193-4AE7-BD3F-B6AE8556E4C8}.Debug|Any CPU.Build.0 = Debug|Any CPU
		{2B47C413-B193-4AE7-BD3F-B6AE8556E4C8}.Debug|x64.ActiveCfg = Debug|Any CPU
		{2B47C413-B193-4AE7-BD3F-B6AE8556E4C8}.Debug|x64.Build.0 = Debug|Any CPU
		{2B47C413-B193-4AE7-BD3F-B6AE8556E4C8}.Debug|x86.ActiveCfg = Debug|Any CPU
		{2B47C413-B193-4AE7-BD3F-B6AE8556E4C8}.Debug|x86.Build.0 = Debug|Any CPU
		{2B47C413-B193-4AE7-BD3F-B6AE8556E4C8}.Release|Any CPU.ActiveCfg = Release|Any CPU
		{2B47C413-B193-4AE7-BD3F-B6AE8556E4C8}.Release|Any CPU.Build.0 = Release|Any CPU
		{2B47C413-B193-4AE7-BD3F-B6AE8556E4C8}.Release|x64.ActiveCfg = Release|Any CPU
		{2B47C413-B193-4AE7-BD3F-B6AE8556E4C8}.Release|x64.Build.0 = Release|Any CPU
		{2B47C413-B193-4AE7-BD3F-B6AE8556E4C8}.Release|x86.ActiveCfg = Release|Any CPU
		{2B47C413-B193-4AE7-BD3F-B6AE8556E4C8}.Release|x86.Build.0 = Release|Any CPU
	EndGlobalSection
EndGlobal
